// !$*UTF8*$!
{
	archiveVersion = 1;
	classes = {
	};
	objectVersion = 45;
	objects = {

/* Begin PBXBuildFile section */
		1D3623260D0F684500981E51 /* GridViewExamplesAppDelegate.m in Sources */ = {isa = PBXBuildFile; fileRef = 1D3623250D0F684500981E51 /* GridViewExamplesAppDelegate.m */; };
		1D60589B0D05DD56006BFB54 /* main.m in Sources */ = {isa = PBXBuildFile; fileRef = 29B97316FDCFA39411CA2CEA /* main.m */; };
		1D60589F0D05DD5A006BFB54 /* Foundation.framework in Frameworks */ = {isa = PBXBuildFile; fileRef = 1D30AB110D05D00D00671497 /* Foundation.framework */; };
		1DF5F4E00D08C38300B7A737 /* UIKit.framework in Frameworks */ = {isa = PBXBuildFile; fileRef = 1DF5F4DF0D08C38300B7A737 /* UIKit.framework */; };
		2892E4100DC94CBA00A64D0F /* CoreGraphics.framework in Frameworks */ = {isa = PBXBuildFile; fileRef = 2892E40F0DC94CBA00A64D0F /* CoreGraphics.framework */; };
		2899E5600DE3E45000AC0155 /* RootViewController.xib in Resources */ = {isa = PBXBuildFile; fileRef = 2899E55F0DE3E45000AC0155 /* RootViewController.xib */; };
		28AD73600D9D9599002E5188 /* MainWindow.xib in Resources */ = {isa = PBXBuildFile; fileRef = 28AD735F0D9D9599002E5188 /* MainWindow.xib */; };
		28C286E10D94DF7D0034E888 /* RootViewController.m in Sources */ = {isa = PBXBuildFile; fileRef = 28C286E00D94DF7D0034E888 /* RootViewController.m */; };
		9F14621B12EE0D8B00B8D746 /* album9e.jpg in Resources */ = {isa = PBXBuildFile; fileRef = 9F14621A12EE0D8B00B8D746 /* album9e.jpg */; };
		9F14624112EE181A00B8D746 /* UIXGridViewSpanningCell.m in Sources */ = {isa = PBXBuildFile; fileRef = 9F14624012EE181A00B8D746 /* UIXGridViewSpanningCell.m */; };
		9F26CB8711F650390087E694 /* GridOnScroll.xib in Resources */ = {isa = PBXBuildFile; fileRef = 9F26CB8611F650390087E694 /* GridOnScroll.xib */; };
		9F26CB8B11F6512E0087E694 /* GridOnScrollViewController.m in Sources */ = {isa = PBXBuildFile; fileRef = 9F26CB8A11F6512E0087E694 /* GridOnScrollViewController.m */; };
		9F416D83137DCDCE006A804F /* HorzContrainedSingleHeaderViewController.m in Sources */ = {isa = PBXBuildFile; fileRef = 9F416D82137DCDCE006A804F /* HorzContrainedSingleHeaderViewController.m */; };
		9F556DBD12E8AED50066B955 /* SpanningViewController.m in Sources */ = {isa = PBXBuildFile; fileRef = 9F556DBC12E8AED50066B955 /* SpanningViewController.m */; };
		9F66415511807DB600D5EF09 /* UIXGridViewCell.m in Sources */ = {isa = PBXBuildFile; fileRef = 9F66415411807DB600D5EF09 /* UIXGridViewCell.m */; };
		9F66A45A1381D81F00EA7FA2 /* VertConstrainedMultipleViewController.m in Sources */ = {isa = PBXBuildFile; fileRef = 9F66A4591381D81F00EA7FA2 /* VertConstrainedMultipleViewController.m */; };
		9F9AF4821039EECE003E68D7 /* ConstrainedMomentaryViewController.m in Sources */ = {isa = PBXBuildFile; fileRef = 9F9AF4811039EECE003E68D7 /* ConstrainedMomentaryViewController.m */; };
		9F9AF49C1039F2E5003E68D7 /* earth.jpeg in Resources */ = {isa = PBXBuildFile; fileRef = 9F9AF4931039F2E5003E68D7 /* earth.jpeg */; };
		9F9AF49D1039F2E5003E68D7 /* jupiter.jpeg in Resources */ = {isa = PBXBuildFile; fileRef = 9F9AF4941039F2E5003E68D7 /* jupiter.jpeg */; };
		9F9AF49E1039F2E5003E68D7 /* mars.jpeg in Resources */ = {isa = PBXBuildFile; fileRef = 9F9AF4951039F2E5003E68D7 /* mars.jpeg */; };
		9F9AF49F1039F2E5003E68D7 /* mercury.jpeg in Resources */ = {isa = PBXBuildFile; fileRef = 9F9AF4961039F2E5003E68D7 /* mercury.jpeg */; };
		9F9AF4A01039F2E5003E68D7 /* neptune.jpeg in Resources */ = {isa = PBXBuildFile; fileRef = 9F9AF4971039F2E5003E68D7 /* neptune.jpeg */; };
		9F9AF4A11039F2E5003E68D7 /* pluto.jpeg in Resources */ = {isa = PBXBuildFile; fileRef = 9F9AF4981039F2E5003E68D7 /* pluto.jpeg */; };
		9F9AF4A21039F2E5003E68D7 /* saturn.jpeg in Resources */ = {isa = PBXBuildFile; fileRef = 9F9AF4991039F2E5003E68D7 /* saturn.jpeg */; };
		9F9AF4A31039F2E5003E68D7 /* uranus.jpeg in Resources */ = {isa = PBXBuildFile; fileRef = 9F9AF49A1039F2E5003E68D7 /* uranus.jpeg */; };
		9F9AF4A41039F2E5003E68D7 /* venus.jpeg in Resources */ = {isa = PBXBuildFile; fileRef = 9F9AF49B1039F2E5003E68D7 /* venus.jpeg */; };
		9F9AF54D103C2B16003E68D7 /* VertConstrainedSingleSelectViewController.m in Sources */ = {isa = PBXBuildFile; fileRef = 9F9AF54C103C2B16003E68D7 /* VertConstrainedSingleSelectViewController.m */; };
		9F9AF578103C2E6D003E68D7 /* HorzConstrainedMultiSelectViewController.m in Sources */ = {isa = PBXBuildFile; fileRef = 9F9AF577103C2E6D003E68D7 /* HorzConstrainedMultiSelectViewController.m */; };
		9FE07EF8103C9E7D001503E8 /* HeaderFooterViewController.m in Sources */ = {isa = PBXBuildFile; fileRef = 9FE07EF7103C9E7D001503E8 /* HeaderFooterViewController.m */; };
		9FE07FCD103D9F4D001503E8 /* UIXGridView.m in Sources */ = {isa = PBXBuildFile; fileRef = 9FE07FCA103D9F4D001503E8 /* UIXGridView.m */; };
		9FE6996211AC88D300C9423E /* LAT-PhotoCircle-Base.png in Resources */ = {isa = PBXBuildFile; fileRef = 9FE6996111AC88D300C9423E /* LAT-PhotoCircle-Base.png */; };
		9FE6997811AD51EE00C9423E /* UnconstrainedViewController.m in Sources */ = {isa = PBXBuildFile; fileRef = 9FE6997611AD51EE00C9423E /* UnconstrainedViewController.m */; };
		E4DABB82136F15FF00ACF022 /* redcheck.png in Resources */ = {isa = PBXBuildFile; fileRef = E4DABB80136F15FF00ACF022 /* redcheck.png */; };
		E4DABB83136F15FF00ACF022 /* redcheck@2x.png in Resources */ = {isa = PBXBuildFile; fileRef = E4DABB81136F15FF00ACF022 /* redcheck@2x.png */; };
/* End PBXBuildFile section */

/* Begin PBXFileReference section */
		1D30AB110D05D00D00671497 /* Foundation.framework */ = {isa = PBXFileReference; lastKnownFileType = wrapper.framework; name = Foundation.framework; path = System/Library/Frameworks/Foundation.framework; sourceTree = SDKROOT; };
		1D3623240D0F684500981E51 /* GridViewExamplesAppDelegate.h */ = {isa = PBXFileReference; fileEncoding = 4; lastKnownFileType = sourcecode.c.h; path = GridViewExamplesAppDelegate.h; sourceTree = "<group>"; };
		1D3623250D0F684500981E51 /* GridViewExamplesAppDelegate.m */ = {isa = PBXFileReference; fileEncoding = 4; lastKnownFileType = sourcecode.c.objc; path = GridViewExamplesAppDelegate.m; sourceTree = "<group>"; };
		1D6058910D05DD3D006BFB54 /* GridViewExamples.app */ = {isa = PBXFileReference; explicitFileType = wrapper.application; includeInIndex = 0; path = GridViewExamples.app; sourceTree = BUILT_PRODUCTS_DIR; };
		1DF5F4DF0D08C38300B7A737 /* UIKit.framework */ = {isa = PBXFileReference; lastKnownFileType = wrapper.framework; name = UIKit.framework; path = System/Library/Frameworks/UIKit.framework; sourceTree = SDKROOT; };
		2892E40F0DC94CBA00A64D0F /* CoreGraphics.framework */ = {isa = PBXFileReference; lastKnownFileType = wrapper.framework; name = CoreGraphics.framework; path = System/Library/Frameworks/CoreGraphics.framework; sourceTree = SDKROOT; };
		2899E55F0DE3E45000AC0155 /* RootViewController.xib */ = {isa = PBXFileReference; lastKnownFileType = file.xib; path = RootViewController.xib; sourceTree = "<group>"; };
		28A0AAE50D9B0CCF005BE974 /* GridViewExamples_Prefix.pch */ = {isa = PBXFileReference; fileEncoding = 4; lastKnownFileType = sourcecode.c.h; path = GridViewExamples_Prefix.pch; sourceTree = "<group>"; };
		28AD735F0D9D9599002E5188 /* MainWindow.xib */ = {isa = PBXFileReference; lastKnownFileType = file.xib; path = MainWindow.xib; sourceTree = "<group>"; };
		28C286DF0D94DF7D0034E888 /* RootViewController.h */ = {isa = PBXFileReference; fileEncoding = 4; lastKnownFileType = sourcecode.c.h; path = RootViewController.h; sourceTree = "<group>"; };
		28C286E00D94DF7D0034E888 /* RootViewController.m */ = {isa = PBXFileReference; fileEncoding = 4; lastKnownFileType = sourcecode.c.objc; path = RootViewController.m; sourceTree = "<group>"; };
		29B97316FDCFA39411CA2CEA /* main.m */ = {isa = PBXFileReference; fileEncoding = 4; lastKnownFileType = sourcecode.c.objc; path = main.m; sourceTree = "<group>"; };
		8D1107310486CEB800E47090 /* GridViewExamples-Info.plist */ = {isa = PBXFileReference; fileEncoding = 4; lastKnownFileType = text.plist.xml; path = "GridViewExamples-Info.plist"; plistStructureDefinitionIdentifier = "com.apple.xcode.plist.structure-definition.iphone.info-plist"; sourceTree = "<group>"; };
		9F14621A12EE0D8B00B8D746 /* album9e.jpg */ = {isa = PBXFileReference; lastKnownFileType = image.jpeg; name = album9e.jpg; path = images/album9e.jpg; sourceTree = "<group>"; };
		9F14623F12EE181A00B8D746 /* UIXGridViewSpanningCell.h */ = {isa = PBXFileReference; fileEncoding = 4; lastKnownFileType = sourcecode.c.h; name = UIXGridViewSpanningCell.h; path = "../UIXGridView files/UIXGridViewSpanningCell.h"; sourceTree = SOURCE_ROOT; };
		9F14624012EE181A00B8D746 /* UIXGridViewSpanningCell.m */ = {isa = PBXFileReference; fileEncoding = 4; lastKnownFileType = sourcecode.c.objc; name = UIXGridViewSpanningCell.m; path = "../UIXGridView files/UIXGridViewSpanningCell.m"; sourceTree = SOURCE_ROOT; };
		9F26CB8611F650390087E694 /* GridOnScroll.xib */ = {isa = PBXFileReference; lastKnownFileType = file.xib; path = GridOnScroll.xib; sourceTree = "<group>"; };
		9F26CB8911F6512E0087E694 /* GridOnScrollViewController.h */ = {isa = PBXFileReference; fileEncoding = 4; lastKnownFileType = sourcecode.c.h; path = GridOnScrollViewController.h; sourceTree = "<group>"; };
		9F26CB8A11F6512E0087E694 /* GridOnScrollViewController.m */ = {isa = PBXFileReference; fileEncoding = 4; lastKnownFileType = sourcecode.c.objc; path = GridOnScrollViewController.m; sourceTree = "<group>"; };
		9F416D81137DCDCE006A804F /* HorzContrainedSingleHeaderViewController.h */ = {isa = PBXFileReference; fileEncoding = 4; lastKnownFileType = sourcecode.c.h; path = HorzContrainedSingleHeaderViewController.h; sourceTree = "<group>"; };
		9F416D82137DCDCE006A804F /* HorzContrainedSingleHeaderViewController.m */ = {isa = PBXFileReference; fileEncoding = 4; lastKnownFileType = sourcecode.c.objc; path = HorzContrainedSingleHeaderViewController.m; sourceTree = "<group>"; };
		9F556DBB12E8AED50066B955 /* SpanningViewController.h */ = {isa = PBXFileReference; fileEncoding = 4; lastKnownFileType = sourcecode.c.h; path = SpanningViewController.h; sourceTree = "<group>"; };
		9F556DBC12E8AED50066B955 /* SpanningViewController.m */ = {isa = PBXFileReference; fileEncoding = 4; lastKnownFileType = sourcecode.c.objc; path = SpanningViewController.m; sourceTree = "<group>"; };
		9F66415311807DB600D5EF09 /* UIXGridViewCell.h */ = {isa = PBXFileReference; fileEncoding = 4; lastKnownFileType = sourcecode.c.h; name = UIXGridViewCell.h; path = "../UIXGridView files/UIXGridViewCell.h"; sourceTree = SOURCE_ROOT; };
		9F66415411807DB600D5EF09 /* UIXGridViewCell.m */ = {isa = PBXFileReference; fileEncoding = 4; lastKnownFileType = sourcecode.c.objc; name = UIXGridViewCell.m; path = "../UIXGridView files/UIXGridViewCell.m"; sourceTree = SOURCE_ROOT; };
		9F66A4581381D81F00EA7FA2 /* VertConstrainedMultipleViewController.h */ = {isa = PBXFileReference; fileEncoding = 4; lastKnownFileType = sourcecode.c.h; path = VertConstrainedMultipleViewController.h; sourceTree = "<group>"; };
		9F66A4591381D81F00EA7FA2 /* VertConstrainedMultipleViewController.m */ = {isa = PBXFileReference; fileEncoding = 4; lastKnownFileType = sourcecode.c.objc; path = VertConstrainedMultipleViewController.m; sourceTree = "<group>"; };
		9F9AF4801039EECE003E68D7 /* ConstrainedMomentaryViewController.h */ = {isa = PBXFileReference; fileEncoding = 4; lastKnownFileType = sourcecode.c.h; path = ConstrainedMomentaryViewController.h; sourceTree = "<group>"; };
		9F9AF4811039EECE003E68D7 /* ConstrainedMomentaryViewController.m */ = {isa = PBXFileReference; fileEncoding = 4; lastKnownFileType = sourcecode.c.objc; path = ConstrainedMomentaryViewController.m; sourceTree = "<group>"; };
		9F9AF4931039F2E5003E68D7 /* earth.jpeg */ = {isa = PBXFileReference; lastKnownFileType = image.jpeg; name = earth.jpeg; path = images/earth.jpeg; sourceTree = "<group>"; };
		9F9AF4941039F2E5003E68D7 /* jupiter.jpeg */ = {isa = PBXFileReference; lastKnownFileType = image.jpeg; name = jupiter.jpeg; path = images/jupiter.jpeg; sourceTree = "<group>"; };
		9F9AF4951039F2E5003E68D7 /* mars.jpeg */ = {isa = PBXFileReference; lastKnownFileType = image.jpeg; name = mars.jpeg; path = images/mars.jpeg; sourceTree = "<group>"; };
		9F9AF4961039F2E5003E68D7 /* mercury.jpeg */ = {isa = PBXFileReference; lastKnownFileType = image.jpeg; name = mercury.jpeg; path = images/mercury.jpeg; sourceTree = "<group>"; };
		9F9AF4971039F2E5003E68D7 /* neptune.jpeg */ = {isa = PBXFileReference; lastKnownFileType = image.jpeg; name = neptune.jpeg; path = images/neptune.jpeg; sourceTree = "<group>"; };
		9F9AF4981039F2E5003E68D7 /* pluto.jpeg */ = {isa = PBXFileReference; lastKnownFileType = image.jpeg; name = pluto.jpeg; path = images/pluto.jpeg; sourceTree = "<group>"; };
		9F9AF4991039F2E5003E68D7 /* saturn.jpeg */ = {isa = PBXFileReference; lastKnownFileType = image.jpeg; name = saturn.jpeg; path = images/saturn.jpeg; sourceTree = "<group>"; };
		9F9AF49A1039F2E5003E68D7 /* uranus.jpeg */ = {isa = PBXFileReference; lastKnownFileType = image.jpeg; name = uranus.jpeg; path = images/uranus.jpeg; sourceTree = "<group>"; };
		9F9AF49B1039F2E5003E68D7 /* venus.jpeg */ = {isa = PBXFileReference; lastKnownFileType = image.jpeg; name = venus.jpeg; path = images/venus.jpeg; sourceTree = "<group>"; };
		9F9AF54B103C2B16003E68D7 /* VertConstrainedSingleSelectViewController.h */ = {isa = PBXFileReference; fileEncoding = 4; lastKnownFileType = sourcecode.c.h; path = VertConstrainedSingleSelectViewController.h; sourceTree = "<group>"; };
		9F9AF54C103C2B16003E68D7 /* VertConstrainedSingleSelectViewController.m */ = {isa = PBXFileReference; fileEncoding = 4; lastKnownFileType = sourcecode.c.objc; path = VertConstrainedSingleSelectViewController.m; sourceTree = "<group>"; };
		9F9AF576103C2E6D003E68D7 /* HorzConstrainedMultiSelectViewController.h */ = {isa = PBXFileReference; fileEncoding = 4; lastKnownFileType = sourcecode.c.h; path = HorzConstrainedMultiSelectViewController.h; sourceTree = "<group>"; };
		9F9AF577103C2E6D003E68D7 /* HorzConstrainedMultiSelectViewController.m */ = {isa = PBXFileReference; fileEncoding = 4; lastKnownFileType = sourcecode.c.objc; path = HorzConstrainedMultiSelectViewController.m; sourceTree = "<group>"; };
		9FE07EF6103C9E7D001503E8 /* HeaderFooterViewController.h */ = {isa = PBXFileReference; fileEncoding = 4; lastKnownFileType = sourcecode.c.h; path = HeaderFooterViewController.h; sourceTree = "<group>"; };
		9FE07EF7103C9E7D001503E8 /* HeaderFooterViewController.m */ = {isa = PBXFileReference; fileEncoding = 4; lastKnownFileType = sourcecode.c.objc; path = HeaderFooterViewController.m; sourceTree = "<group>"; };
		9FE07FC9103D9F4D001503E8 /* UIXGridView.h */ = {isa = PBXFileReference; fileEncoding = 4; lastKnownFileType = sourcecode.c.h; name = UIXGridView.h; path = "../UIXGridView files/UIXGridView.h"; sourceTree = SOURCE_ROOT; };
		9FE07FCA103D9F4D001503E8 /* UIXGridView.m */ = {isa = PBXFileReference; fileEncoding = 4; lastKnownFileType = sourcecode.c.objc; name = UIXGridView.m; path = "../UIXGridView files/UIXGridView.m"; sourceTree = SOURCE_ROOT; };
		9FE6996111AC88D300C9423E /* LAT-PhotoCircle-Base.png */ = {isa = PBXFileReference; lastKnownFileType = image.png; name = "LAT-PhotoCircle-Base.png"; path = "images/LAT-PhotoCircle-Base.png"; sourceTree = "<group>"; };
		9FE6997611AD51EE00C9423E /* UnconstrainedViewController.m */ = {isa = PBXFileReference; fileEncoding = 4; lastKnownFileType = sourcecode.c.objc; path = UnconstrainedViewController.m; sourceTree = "<group>"; };
		9FE6997711AD51EE00C9423E /* UnconstrainedViewController.h */ = {isa = PBXFileReference; fileEncoding = 4; lastKnownFileType = sourcecode.c.h; path = UnconstrainedViewController.h; sourceTree = "<group>"; };
		E4DABB80136F15FF00ACF022 /* redcheck.png */ = {isa = PBXFileReference; lastKnownFileType = image.png; name = redcheck.png; path = images/redcheck.png; sourceTree = "<group>"; };
		E4DABB81136F15FF00ACF022 /* redcheck@2x.png */ = {isa = PBXFileReference; lastKnownFileType = image.png; name = "redcheck@2x.png"; path = "images/redcheck@2x.png"; sourceTree = "<group>"; };
/* End PBXFileReference section */

/* Begin PBXFrameworksBuildPhase section */
		1D60588F0D05DD3D006BFB54 /* Frameworks */ = {
			isa = PBXFrameworksBuildPhase;
			buildActionMask = 2147483647;
			files = (
				1D60589F0D05DD5A006BFB54 /* Foundation.framework in Frameworks */,
				1DF5F4E00D08C38300B7A737 /* UIKit.framework in Frameworks */,
				2892E4100DC94CBA00A64D0F /* CoreGraphics.framework in Frameworks */,
			);
			runOnlyForDeploymentPostprocessing = 0;
		};
/* End PBXFrameworksBuildPhase section */

/* Begin PBXGroup section */
		080E96DDFE201D6D7F000001 /* Classes */ = {
			isa = PBXGroup;
			children = (
				9F556DB612E8ACEA0066B955 /* UIXGridView files */,
				28C286DF0D94DF7D0034E888 /* RootViewController.h */,
				28C286E00D94DF7D0034E888 /* RootViewController.m */,
				1D3623240D0F684500981E51 /* GridViewExamplesAppDelegate.h */,
				1D3623250D0F684500981E51 /* GridViewExamplesAppDelegate.m */,
				9F416D80137DC9D1006A804F /* controllers */,
				9F416D7F137DC985006A804F /* obsolete */,
			);
			path = Classes;
			sourceTree = "<group>";
		};
		19C28FACFE9D520D11CA2CBB /* Products */ = {
			isa = PBXGroup;
			children = (
				1D6058910D05DD3D006BFB54 /* GridViewExamples.app */,
			);
			name = Products;
			sourceTree = "<group>";
		};
		29B97314FDCFA39411CA2CEA /* CustomTemplate */ = {
			isa = PBXGroup;
			children = (
				080E96DDFE201D6D7F000001 /* Classes */,
				29B97315FDCFA39411CA2CEA /* Other Sources */,
				29B97317FDCFA39411CA2CEA /* Resources */,
				29B97323FDCFA39411CA2CEA /* Frameworks */,
				19C28FACFE9D520D11CA2CBB /* Products */,
			);
			name = CustomTemplate;
			sourceTree = "<group>";
		};
		29B97315FDCFA39411CA2CEA /* Other Sources */ = {
			isa = PBXGroup;
			children = (
				28A0AAE50D9B0CCF005BE974 /* GridViewExamples_Prefix.pch */,
				29B97316FDCFA39411CA2CEA /* main.m */,
			);
			name = "Other Sources";
			sourceTree = "<group>";
		};
		29B97317FDCFA39411CA2CEA /* Resources */ = {
			isa = PBXGroup;
			children = (
				E4DABB80136F15FF00ACF022 /* redcheck.png */,
				E4DABB81136F15FF00ACF022 /* redcheck@2x.png */,
				9F14621A12EE0D8B00B8D746 /* album9e.jpg */,
				9FE6996111AC88D300C9423E /* LAT-PhotoCircle-Base.png */,
				9F9AF4931039F2E5003E68D7 /* earth.jpeg */,
				9F9AF4941039F2E5003E68D7 /* jupiter.jpeg */,
				9F9AF4951039F2E5003E68D7 /* mars.jpeg */,
				9F9AF4961039F2E5003E68D7 /* mercury.jpeg */,
				9F9AF4971039F2E5003E68D7 /* neptune.jpeg */,
				9F9AF4981039F2E5003E68D7 /* pluto.jpeg */,
				9F9AF4991039F2E5003E68D7 /* saturn.jpeg */,
				9F9AF49A1039F2E5003E68D7 /* uranus.jpeg */,
				9F9AF49B1039F2E5003E68D7 /* venus.jpeg */,
				2899E55F0DE3E45000AC0155 /* RootViewController.xib */,
				28AD735F0D9D9599002E5188 /* MainWindow.xib */,
				8D1107310486CEB800E47090 /* GridViewExamples-Info.plist */,
				9F26CB8611F650390087E694 /* GridOnScroll.xib */,
			);
			name = Resources;
			sourceTree = "<group>";
		};
		29B97323FDCFA39411CA2CEA /* Frameworks */ = {
			isa = PBXGroup;
			children = (
				1DF5F4DF0D08C38300B7A737 /* UIKit.framework */,
				1D30AB110D05D00D00671497 /* Foundation.framework */,
				2892E40F0DC94CBA00A64D0F /* CoreGraphics.framework */,
			);
			name = Frameworks;
			sourceTree = "<group>";
		};
		9F416D7F137DC985006A804F /* obsolete */ = {
			isa = PBXGroup;
			children = (
				9FE07EF6103C9E7D001503E8 /* HeaderFooterViewController.h */,
				9FE07EF7103C9E7D001503E8 /* HeaderFooterViewController.m */,
				9F9AF54B103C2B16003E68D7 /* VertConstrainedSingleSelectViewController.h */,
				9F9AF54C103C2B16003E68D7 /* VertConstrainedSingleSelectViewController.m */,
				9F9AF576103C2E6D003E68D7 /* HorzConstrainedMultiSelectViewController.h */,
				9F9AF577103C2E6D003E68D7 /* HorzConstrainedMultiSelectViewController.m */,
				9FE6997611AD51EE00C9423E /* UnconstrainedViewController.m */,
				9FE6997711AD51EE00C9423E /* UnconstrainedViewController.h */,
				9F26CB8911F6512E0087E694 /* GridOnScrollViewController.h */,
				9F26CB8A11F6512E0087E694 /* GridOnScrollViewController.m */,
				9F556DBB12E8AED50066B955 /* SpanningViewController.h */,
				9F556DBC12E8AED50066B955 /* SpanningViewController.m */,
			);
			name = obsolete;
			sourceTree = "<group>";
		};
		9F416D80137DC9D1006A804F /* controllers */ = {
			isa = PBXGroup;
			children = (
				9F9AF4801039EECE003E68D7 /* ConstrainedMomentaryViewController.h */,
				9F9AF4811039EECE003E68D7 /* ConstrainedMomentaryViewController.m */,
				9F416D81137DCDCE006A804F /* HorzContrainedSingleHeaderViewController.h */,
				9F416D82137DCDCE006A804F /* HorzContrainedSingleHeaderViewController.m */,
				9F66A4581381D81F00EA7FA2 /* VertConstrainedMultipleViewController.h */,
				9F66A4591381D81F00EA7FA2 /* VertConstrainedMultipleViewController.m */,
			);
			name = controllers;
			sourceTree = "<group>";
		};
		9F556DB612E8ACEA0066B955 /* UIXGridView files */ = {
			isa = PBXGroup;
			children = (
				9F14623F12EE181A00B8D746 /* UIXGridViewSpanningCell.h */,
				9F14624012EE181A00B8D746 /* UIXGridViewSpanningCell.m */,
				9F66415311807DB600D5EF09 /* UIXGridViewCell.h */,
				9F66415411807DB600D5EF09 /* UIXGridViewCell.m */,
				9FE07FC9103D9F4D001503E8 /* UIXGridView.h */,
				9FE07FCA103D9F4D001503E8 /* UIXGridView.m */,
			);
			name = "UIXGridView files";
			sourceTree = "<group>";
		};
/* End PBXGroup section */

/* Begin PBXNativeTarget section */
		1D6058900D05DD3D006BFB54 /* GridViewExamples */ = {
			isa = PBXNativeTarget;
			buildConfigurationList = 1D6058960D05DD3E006BFB54 /* Build configuration list for PBXNativeTarget "GridViewExamples" */;
			buildPhases = (
				1D60588D0D05DD3D006BFB54 /* Resources */,
				1D60588E0D05DD3D006BFB54 /* Sources */,
				1D60588F0D05DD3D006BFB54 /* Frameworks */,
			);
			buildRules = (
			);
			dependencies = (
			);
			name = GridViewExamples;
			productName = GridViewExamples;
			productReference = 1D6058910D05DD3D006BFB54 /* GridViewExamples.app */;
			productType = "com.apple.product-type.application";
		};
/* End PBXNativeTarget section */

/* Begin PBXProject section */
		29B97313FDCFA39411CA2CEA /* Project object */ = {
			isa = PBXProject;
			buildConfigurationList = C01FCF4E08A954540054247B /* Build configuration list for PBXProject "GridViewExamples" */;
			compatibilityVersion = "Xcode 3.1";
			developmentRegion = English;
			hasScannedForEncodings = 1;
			knownRegions = (
				English,
				Japanese,
				French,
				German,
				en,
			);
			mainGroup = 29B97314FDCFA39411CA2CEA /* CustomTemplate */;
			projectDirPath = "";
			projectRoot = "";
			targets = (
				1D6058900D05DD3D006BFB54 /* GridViewExamples */,
			);
		};
/* End PBXProject section */

/* Begin PBXResourcesBuildPhase section */
		1D60588D0D05DD3D006BFB54 /* Resources */ = {
			isa = PBXResourcesBuildPhase;
			buildActionMask = 2147483647;
			files = (
				28AD73600D9D9599002E5188 /* MainWindow.xib in Resources */,
				2899E5600DE3E45000AC0155 /* RootViewController.xib in Resources */,
				9F9AF49C1039F2E5003E68D7 /* earth.jpeg in Resources */,
				9F9AF49D1039F2E5003E68D7 /* jupiter.jpeg in Resources */,
				9F9AF49E1039F2E5003E68D7 /* mars.jpeg in Resources */,
				9F9AF49F1039F2E5003E68D7 /* mercury.jpeg in Resources */,
				9F9AF4A01039F2E5003E68D7 /* neptune.jpeg in Resources */,
				9F9AF4A11039F2E5003E68D7 /* pluto.jpeg in Resources */,
				9F9AF4A21039F2E5003E68D7 /* saturn.jpeg in Resources */,
				9F9AF4A31039F2E5003E68D7 /* uranus.jpeg in Resources */,
				9F9AF4A41039F2E5003E68D7 /* venus.jpeg in Resources */,
				9FE6996211AC88D300C9423E /* LAT-PhotoCircle-Base.png in Resources */,
				9F26CB8711F650390087E694 /* GridOnScroll.xib in Resources */,
				9F14621B12EE0D8B00B8D746 /* album9e.jpg in Resources */,
				E4DABB82136F15FF00ACF022 /* redcheck.png in Resources */,
				E4DABB83136F15FF00ACF022 /* redcheck@2x.png in Resources */,
			);
			runOnlyForDeploymentPostprocessing = 0;
		};
/* End PBXResourcesBuildPhase section */

/* Begin PBXSourcesBuildPhase section */
		1D60588E0D05DD3D006BFB54 /* Sources */ = {
			isa = PBXSourcesBuildPhase;
			buildActionMask = 2147483647;
			files = (
				1D60589B0D05DD56006BFB54 /* main.m in Sources */,
				1D3623260D0F684500981E51 /* GridViewExamplesAppDelegate.m in Sources */,
				28C286E10D94DF7D0034E888 /* RootViewController.m in Sources */,
				9F9AF4821039EECE003E68D7 /* ConstrainedMomentaryViewController.m in Sources */,
				9F9AF54D103C2B16003E68D7 /* VertConstrainedSingleSelectViewController.m in Sources */,
				9F9AF578103C2E6D003E68D7 /* HorzConstrainedMultiSelectViewController.m in Sources */,
				9FE07EF8103C9E7D001503E8 /* HeaderFooterViewController.m in Sources */,
				9FE07FCD103D9F4D001503E8 /* UIXGridView.m in Sources */,
				9F66415511807DB600D5EF09 /* UIXGridViewCell.m in Sources */,
				9FE6997811AD51EE00C9423E /* UnconstrainedViewController.m in Sources */,
				9F26CB8B11F6512E0087E694 /* GridOnScrollViewController.m in Sources */,
				9F556DBD12E8AED50066B955 /* SpanningViewController.m in Sources */,
				9F14624112EE181A00B8D746 /* UIXGridViewSpanningCell.m in Sources */,
				9F416D83137DCDCE006A804F /* HorzContrainedSingleHeaderViewController.m in Sources */,
				9F66A45A1381D81F00EA7FA2 /* VertConstrainedMultipleViewController.m in Sources */,
			);
			runOnlyForDeploymentPostprocessing = 0;
		};
/* End PBXSourcesBuildPhase section */

/* Begin XCBuildConfiguration section */
		1D6058940D05DD3E006BFB54 /* Debug */ = {
			isa = XCBuildConfiguration;
			buildSettings = {
				ALWAYS_SEARCH_USER_PATHS = NO;
				COPY_PHASE_STRIP = NO;
				GCC_DYNAMIC_NO_PIC = NO;
				GCC_OPTIMIZATION_LEVEL = 0;
				GCC_PRECOMPILE_PREFIX_HEADER = YES;
				GCC_PREFIX_HEADER = GridViewExamples_Prefix.pch;
				INFOPLIST_FILE = "GridViewExamples-Info.plist";
				IPHONEOS_DEPLOYMENT_TARGET = 3.0;
				PRODUCT_NAME = GridViewExamples;
				SDKROOT = iphoneos;
			};
			name = Debug;
		};
		1D6058950D05DD3E006BFB54 /* Release */ = {
			isa = XCBuildConfiguration;
			buildSettings = {
				ALWAYS_SEARCH_USER_PATHS = NO;
				COPY_PHASE_STRIP = YES;
				GCC_PRECOMPILE_PREFIX_HEADER = YES;
				GCC_PREFIX_HEADER = GridViewExamples_Prefix.pch;
				INFOPLIST_FILE = "GridViewExamples-Info.plist";
				IPHONEOS_DEPLOYMENT_TARGET = 3.0;
				PRODUCT_NAME = GridViewExamples;
				SDKROOT = iphoneos4.0;
			};
			name = Release;
		};
		C01FCF4F08A954540054247B /* Debug */ = {
			isa = XCBuildConfiguration;
			buildSettings = {
				ARCHS = "$(ARCHS_STANDARD_32_BIT)";
				"CODE_SIGN_IDENTITY[sdk=iphoneos*]" = "iPhone Developer";
				GCC_C_LANGUAGE_STANDARD = c99;
				GCC_WARN_ABOUT_RETURN_TYPE = YES;
				GCC_WARN_UNUSED_VARIABLE = YES;
				PREBINDING = NO;
				SDKROOT = iphoneos;
			};
			name = Debug;
		};
		C01FCF5008A954540054247B /* Release */ = {
			isa = XCBuildConfiguration;
			buildSettings = {
				ARCHS = "$(ARCHS_STANDARD_32_BIT)";
				"CODE_SIGN_IDENTITY[sdk=iphoneos*]" = "iPhone Developer";
				GCC_C_LANGUAGE_STANDARD = c99;
				GCC_WARN_ABOUT_RETURN_TYPE = YES;
				GCC_WARN_UNUSED_VARIABLE = YES;
				PREBINDING = NO;
				SDKROOT = iphoneos;
			};
			name = Release;
		};
/* End XCBuildConfiguration section */

/* Begin XCConfigurationList section */
		1D6058960D05DD3E006BFB54 /* Build configuration list for PBXNativeTarget "GridViewExamples" */ = {
			isa = XCConfigurationList;
			buildConfigurations = (
				1D6058940D05DD3E006BFB54 /* Debug */,
				1D6058950D05DD3E006BFB54 /* Release */,
			);
			defaultConfigurationIsVisible = 0;
			defaultConfigurationName = Release;
		};
		C01FCF4E08A954540054247B /* Build configuration list for PBXProject "GridViewExamples" */ = {
			isa = XCConfigurationList;
			buildConfigurations = (
				C01FCF4F08A954540054247B /* Debug */,
				C01FCF5008A954540054247B /* Release */,
			);
			defaultConfigurationIsVisible = 0;
			defaultConfigurationName = Release;
		};
/* End XCConfigurationList section */
	};
	rootObject = 29B97313FDCFA39411CA2CEA /* Project object */;
}
